github.com/dvprokofiev/hugo-mos-transport-badges v0.0.0-20260822203930-389664aac588 h1:nwcZwg1cgKGTG+9GdL65zvUms+1MZl2bSBHQdeBCoEA=
github.com/dvprokofiev/hugo-mos-transport-badges v0.0.0-20260822203930-389664aac588/go.mod h1:QBO/cZR0usqfwNC+FAaShwXgqdKon82PH4UgKKNO/2g=
github.com/dvprokofiev/hugo-mos-transport-badges v0.0.0-20260822210706-87020bbf7eda h1:Q6r1OP7i/Si7zP9LPYlrKYzJF6FCe2Tgi/OagmPeOos=
github.com/dvprokofiev/hugo-mos-transport-badges v0.0.0-20260822210706-87020bbf7eda/go.mod h1:QBO/cZR0usqfwNC+FAaShwXgqdKon82PH4UgKKNO/2g=
github.com/dvprokofiev/hugo-mos-transport-badges v0.0.0-20260822210929-9b574c9a693b h1:C9cRpoGH4LTwdi9kthLitn5e6odhbxlcJ1YuHPuD3qw=
github.com/dvprokofiev/hugo-mos-transport-badges v0.0.0-20260822210929-9b574c9a693b/go.mod h1:QBO/cZR0usqfwNC+FAaShwXgqdKon82PH4UgKKNO/2g=
github.com/dvprokofiev/hugo-mos-transport-badges v0.0.0-20260822211154-98eb52334888 h1:r2C5CiQ/zBzGQKDECOPJkrsNCvFmb2nbafzIMxAcJro=
github.com/dvprokofiev/hugo-mos-transport-badges v0.0.0-20260822211154-98eb52334888/go.mod h1:QBO/cZR0usqfwNC+FAaShwXgqdKon82PH4UgKKNO/2g=
github.com/dvprokofiev/hugo-mos-transport-badges v0.0.0-20260823102611-58576de7bbb4 h1:KH4MO6EZ2TVpA6YY2qp2F0jfZEIJx9cQ+yyvpV9kspw=
github.com/dvprokofiev/hugo-mos-transport-badges v0.0.0-20260823102611-58576de7bbb4/go.mod h1:QBO/cZR0usqfwNC+FAaShwXgqdKon82PH4UgKKNO/2g=
github.com/dvprokofiev/hugo-mos-transport-badges v0.0.0-20260823112232-6544ac41a5dc h1:5Q59Gp3XOSqVtVWjQR3aDWR1nZ+vf8Cjcitv7EGaas4=
github.com/dvprokofiev/hugo-mos-transport-badges v0.0.0-20260823112232-6544ac41a5dc/go.mod h1:QBO/cZR0usqfwNC+FAaShwXgqdKon82PH4UgKKNO/2g=
github.com/dvprokofiev/hugo-mos-transport-badges v0.0.0-20260823112318-5698a8bba51c h1:x56gCDHHE1KljHZTPKXyjf48MIpzJTAp3tmENCUGzC0=
github.com/dvprokofiev/hugo-mos-transport-badges v0.0.0-20260823112318-5698a8bba51c/go.mod h1:QBO/cZR0usqfwNC+FAaShwXgqdKon82PH4UgKKNO/2g=
github.com/dvprokofiev/hugo-mos-transport-badges v0.0.0-20260823112458-eff7e4a8656f h1:IFSXYhUYDIn0O8YkznRO8dBABeCXpD3BwK4zRfElzhw=
github.com/dvprokofiev/hugo-mos-transport-badges v0.0.0-20260823112458-eff7e4a8656f/go.mod h1:QBO/cZR0usqfwNC+FAaShwXgqdKon82PH4UgKKNO/2g=
github.com/dvprokofiev/hugo-mos-transport-badges v0.0.0-20260823172930-ef072a325a7f h1:lfN65tSvbF4IFhDPnJfRvO1+2RDOFKPxryJGX2/rVCs=
github.com/dvprokofiev/hugo-mos-transport-badges v0.0.0-20260823172930-ef072a325a7f/go.mod h1:QBO/cZR0usqfwNC+FAaShwXgqdKon82PH4UgKKNO/2g=
